
Microsoft Visual Studio Solution File, Format Version 12.00
# Visual Studio 15
VisualStudioVersion = 15.0.28010.2046
MinimumVisualStudioVersion = 10.0.40219.1
Project("{FAE04EC0-301F-11D3-BF4B-00C04F79EFBC}") = "Far Manager", "Far Manager\Far Manager.csproj", "{2E24F293-37E1-4BE7-ABDE-43F3B0930AB8}"
EndProject
Global
	GlobalSection(SolutionConfigurationPlatforms) = preSolution
		Debug|Any CPU = Debug|Any CPU
		Release|Any CPU = Release|Any CPU
	EndGlobalSection
	GlobalSection(ProjectConfigurationPlatforms) = postSolution
		{2E24F293-37E1-4BE7-ABDE-43F3B0930AB8}.Debug|Any CPU.ActiveCfg = Debug|Any CPU
		{2E24F293-37E1-4BE7-ABDE-43F3B0930AB8}.Debug|Any CPU.Build.0 = Debug|Any CPU
		{2E24F293-37E1-4BE7-ABDE-43F3B0930AB8}.Release|Any CPU.ActiveCfg = Release|Any CPU
		{2E24F293-37E1-4BE7-ABDE-43F3B0930AB8}.Release|Any CPU.Build.0 = Release|Any CPU
	EndGlobalSection
	GlobalSection(SolutionProperties) = preSolution
		HideSolutionNode = FALSE
	EndGlobalSection
	GlobalSection(ExtensibilityGlobals) = postSolution
		SolutionGuid = {076E737F-D8D6-4F5A-99A2-EDC25B68E15A}
	EndGlobalSection
EndGlobal
